
Microsoft Visual Studio Solution File, Format Version 12.00
# Visual Studio Version 17
VisualStudioVersion = 17.5.2.0
MinimumVisualStudioVersion = 10.0.40219.1
Project("{2150E333-8FDC-42A3-9474-1A3956D46DE8}") = "DreamGenClone.Web", "DreamGenClone.Web", "{5875E104-9E60-851C-078E-92EAD3F6EF39}"
EndProject
Project("{FAE04EC0-301F-11D3-BF4B-00C04F79EFBC}") = "DreamGenClone", "DreamGenClone.Web\DreamGenClone.csproj", "{A7424F49-087C-1326-4F66-EE9002BC8D02}"
EndProject
Project("{FAE04EC0-301F-11D3-BF4B-00C04F79EFBC}") = "DreamGenClone.Domain", "DreamGenClone.Domain\DreamGenClone.Domain.csproj", "{3ED749B9-A86E-4250-A17F-4E4E560CD448}"
EndProject
Project("{FAE04EC0-301F-11D3-BF4B-00C04F79EFBC}") = "DreamGenClone.Application", "DreamGenClone.Application\DreamGenClone.Application.csproj", "{744B13FC-8598-4894-B176-191E5D044F50}"
EndProject
Project("{FAE04EC0-301F-11D3-BF4B-00C04F79EFBC}") = "DreamGenClone.Infrastructure", "DreamGenClone.Infrastructure\DreamGenClone.Infrastructure.csproj", "{5632419A-2CFA-412A-893E-5EE6340E4914}"
EndProject
Project("{FAE04EC0-301F-11D3-BF4B-00C04F79EFBC}") = "DreamGenClone.Tests", "DreamGenClone.Tests\DreamGenClone.Tests.csproj", "{8B644C91-DA7D-46E1-BDD5-E8B07C3EAD6A}"
EndProject
Project("{2150E333-8FDC-42A3-9474-1A3956D46DE8}") = "artifacts", "artifacts", "{99116B1D-F007-E82B-443C-F02EDF2152BC}"
EndProject
Project("{2150E333-8FDC-42A3-9474-1A3956D46DE8}") = "tmp", "tmp", "{3DF86D47-E75F-508E-799A-BD7D7B622CC9}"
EndProject
Project("{FAE04EC0-301F-11D3-BF4B-00C04F79EFBC}") = "checkdb", "artifacts\tmp\checkdb\checkdb.csproj", "{667A50E2-BD2F-4B95-AA09-437FBA7A1236}"
EndProject
Project("{FAE04EC0-301F-11D3-BF4B-00C04F79EFBC}") = "dbseed", "artifacts\tmp\dbseed\dbseed.csproj", "{936F57AF-9582-4079-BA8F-858D7CAFC93B}"
EndProject
Project("{FAE04EC0-301F-11D3-BF4B-00C04F79EFBC}") = "dbsemantic", "artifacts\tmp\dbsemantic\dbsemantic.csproj", "{6B52DC28-83F8-47BC-92DD-258FC0FF7E79}"
EndProject
Project("{FAE04EC0-301F-11D3-BF4B-00C04F79EFBC}") = "dbcheck", "artifacts\tmp\dbcheck\dbcheck.csproj", "{9C042DDC-76E7-4325-AD9F-310AA0A77C64}"
EndProject
Project("{FAE04EC0-301F-11D3-BF4B-00C04F79EFBC}") = "dbtheme", "artifacts\tmp\dbtheme\dbtheme.csproj", "{2C8BA9B9-3A18-4C8E-B0D3-B411FB2D6F97}"
EndProject
Project("{FAE04EC0-301F-11D3-BF4B-00C04F79EFBC}") = "dbverify3", "artifacts\tmp\dbverify3\dbverify3.csproj", "{A7B0D79F-57CB-46C5-A483-D3DF9FFDE83D}"
EndProject
Project("{FAE04EC0-301F-11D3-BF4B-00C04F79EFBC}") = "dbintensity", "artifacts\tmp\dbintensity\dbintensity.csproj", "{E5114BBC-B77D-466D-97E3-9F30BCA947E1}"
EndProject
Project("{FAE04EC0-301F-11D3-BF4B-00C04F79EFBC}") = "dbverify4", "artifacts\tmp\dbverify4\dbverify4.csproj", "{140DC609-049E-4367-B454-A59A27F1E178}"
EndProject
Project("{FAE04EC0-301F-11D3-BF4B-00C04F79EFBC}") = "dbenc", "artifacts\tmp\dbenc\dbenc.csproj", "{D2EB287C-66A6-495D-94D5-02258F6DE428}"
EndProject
Project("{FAE04EC0-301F-11D3-BF4B-00C04F79EFBC}") = "dbix", "artifacts\tmp\dbix\dbix.csproj", "{CCDC748E-217E-402C-93B1-7DDEFEDC92E1}"
EndProject
Global
	GlobalSection(SolutionConfigurationPlatforms) = preSolution
		Debug|Any CPU = Debug|Any CPU
		Debug|x64 = Debug|x64
		Debug|x86 = Debug|x86
		Release|Any CPU = Release|Any CPU
		Release|x64 = Release|x64
		Release|x86 = Release|x86
	EndGlobalSection
	GlobalSection(ProjectConfigurationPlatforms) = postSolution
		{A7424F49-087C-1326-4F66-EE9002BC8D02}.Debug|Any CPU.ActiveCfg = Debug|Any CPU
		{A7424F49-087C-1326-4F66-EE9002BC8D02}.Debug|Any CPU.Build.0 = Debug|Any CPU
		{A7424F49-087C-1326-4F66-EE9002BC8D02}.Debug|x64.ActiveCfg = Debug|Any CPU
		{A7424F49-087C-1326-4F66-EE9002BC8D02}.Debug|x64.Build.0 = Debug|Any CPU
		{A7424F49-087C-1326-4F66-EE9002BC8D02}.Debug|x86.ActiveCfg = Debug|Any CPU
		{A7424F49-087C-1326-4F66-EE9002BC8D02}.Debug|x86.Build.0 = Debug|Any CPU
		{A7424F49-087C-1326-4F66-EE9002BC8D02}.Release|Any CPU.ActiveCfg = Release|Any CPU
		{A7424F49-087C-1326-4F66-EE9002BC8D02}.Release|Any CPU.Build.0 = Release|Any CPU
		{A7424F49-087C-1326-4F66-EE9002BC8D02}.Release|x64.ActiveCfg = Release|Any CPU
		{A7424F49-087C-1326-4F66-EE9002BC8D02}.Release|x64.Build.0 = Release|Any CPU
		{A7424F49-087C-1326-4F66-EE9002BC8D02}.Release|x86.ActiveCfg = Release|Any CPU
		{A7424F49-087C-1326-4F66-EE9002BC8D02}.Release|x86.Build.0 = Release|Any CPU
		{3ED749B9-A86E-4250-A17F-4E4E560CD448}.Debug|Any CPU.ActiveCfg = Debug|Any CPU
		{3ED749B9-A86E-4250-A17F-4E4E560CD448}.Debug|Any CPU.Build.0 = Debug|Any CPU
		{3ED749B9-A86E-4250-A17F-4E4E560CD448}.Debug|x64.ActiveCfg = Debug|Any CPU
		{3ED749B9-A86E-4250-A17F-4E4E560CD448}.Debug|x64.Build.0 = Debug|Any CPU
		{3ED749B9-A86E-4250-A17F-4E4E560CD448}.Debug|x86.ActiveCfg = Debug|Any CPU
		{3ED749B9-A86E-4250-A17F-4E4E560CD448}.Debug|x86.Build.0 = Debug|Any CPU
		{3ED749B9-A86E-4250-A17F-4E4E560CD448}.Release|Any CPU.ActiveCfg = Release|Any CPU
		{3ED749B9-A86E-4250-A17F-4E4E560CD448}.Release|Any CPU.Build.0 = Release|Any CPU
		{3ED749B9-A86E-4250-A17F-4E4E560CD448}.Release|x64.ActiveCfg = Release|Any CPU
		{3ED749B9-A86E-4250-A17F-4E4E560CD448}.Release|x64.Build.0 = Release|Any CPU
		{3ED749B9-A86E-4250-A17F-4E4E560CD448}.Release|x86.ActiveCfg = Release|Any CPU
		{3ED749B9-A86E-4250-A17F-4E4E560CD448}.Release|x86.Build.0 = Release|Any CPU
		{744B13FC-8598-4894-B176-191E5D044F50}.Debug|Any CPU.ActiveCfg = Debug|Any CPU
		{744B13FC-8598-4894-B176-191E5D044F50}.Debug|Any CPU.Build.0 = Debug|Any CPU
		{744B13FC-8598-4894-B176-191E5D044F50}.Debug|x64.ActiveCfg = Debug|Any CPU
		{744B13FC-8598-4894-B176-191E5D044F50}.Debug|x64.Build.0 = Debug|Any CPU
		{744B13FC-8598-4894-B176-191E5D044F50}.Debug|x86.ActiveCfg = Debug|Any CPU
		{744B13FC-8598-4894-B176-191E5D044F50}.Debug|x86.Build.0 = Debug|Any CPU
		{744B13FC-8598-4894-B176-191E5D044F50}.Release|Any CPU.ActiveCfg = Release|Any CPU
		{744B13FC-8598-4894-B176-191E5D044F50}.Release|Any CPU.Build.0 = Release|Any CPU
		{744B13FC-8598-4894-B176-191E5D044F50}.Release|x64.ActiveCfg = Release|Any CPU
		{744B13FC-8598-4894-B176-191E5D044F50}.Release|x64.Build.0 = Release|Any CPU
		{744B13FC-8598-4894-B176-191E5D044F50}.Release|x86.ActiveCfg = Release|Any CPU
		{744B13FC-8598-4894-B176-191E5D044F50}.Release|x86.Build.0 = Release|Any CPU
		{5632419A-2CFA-412A-893E-5EE6340E4914}.Debug|Any CPU.ActiveCfg = Debug|Any CPU
		{5632419A-2CFA-412A-893E-5EE6340E4914}.Debug|Any CPU.Build.0 = Debug|Any CPU
		{5632419A-2CFA-412A-893E-5EE6340E4914}.Debug|x64.ActiveCfg = Debug|Any CPU
		{5632419A-2CFA-412A-893E-5EE6340E4914}.Debug|x64.Build.0 = Debug|Any CPU
		{5632419A-2CFA-412A-893E-5EE6340E4914}.Debug|x86.ActiveCfg = Debug|Any CPU
		{5632419A-2CFA-412A-893E-5EE6340E4914}.Debug|x86.Build.0 = Debug|Any CPU
		{5632419A-2CFA-412A-893E-5EE6340E4914}.Release|Any CPU.ActiveCfg = Release|Any CPU
		{5632419A-2CFA-412A-893E-5EE6340E4914}.Release|Any CPU.Build.0 = Release|Any CPU
		{5632419A-2CFA-412A-893E-5EE6340E4914}.Release|x64.ActiveCfg = Release|Any CPU
		{5632419A-2CFA-412A-893E-5EE6340E4914}.Release|x64.Build.0 = Release|Any CPU
		{5632419A-2CFA-412A-893E-5EE6340E4914}.Release|x86.ActiveCfg = Release|Any CPU
		{5632419A-2CFA-412A-893E-5EE6340E4914}.Release|x86.Build.0 = Release|Any CPU
		{8B644C91-DA7D-46E1-BDD5-E8B07C3EAD6A}.Debug|Any CPU.ActiveCfg = Debug|Any CPU
		{8B644C91-DA7D-46E1-BDD5-E8B07C3EAD6A}.Debug|Any CPU.Build.0 = Debug|Any CPU
		{8B644C91-DA7D-46E1-BDD5-E8B07C3EAD6A}.Debug|x64.ActiveCfg = Debug|Any CPU
		{8B644C91-DA7D-46E1-BDD5-E8B07C3EAD6A}.Debug|x64.Build.0 = Debug|Any CPU
		{8B644C91-DA7D-46E1-BDD5-E8B07C3EAD6A}.Debug|x86.ActiveCfg = Debug|Any CPU
		{8B644C91-DA7D-46E1-BDD5-E8B07C3EAD6A}.Debug|x86.Build.0 = Debug|Any CPU
		{8B644C91-DA7D-46E1-BDD5-E8B07C3EAD6A}.Release|Any CPU.ActiveCfg = Release|Any CPU
		{8B644C91-DA7D-46E1-BDD5-E8B07C3EAD6A}.Release|Any CPU.Build.0 = Release|Any CPU
		{8B644C91-DA7D-46E1-BDD5-E8B07C3EAD6A}.Release|x64.ActiveCfg = Release|Any CPU
		{8B644C91-DA7D-46E1-BDD5-E8B07C3EAD6A}.Release|x64.Build.0 = Release|Any CPU
		{8B644C91-DA7D-46E1-BDD5-E8B07C3EAD6A}.Release|x86.ActiveCfg = Release|Any CPU
		{8B644C91-DA7D-46E1-BDD5-E8B07C3EAD6A}.Release|x86.Build.0 = Release|Any CPU
		{667A50E2-BD2F-4B95-AA09-437FBA7A1236}.Debug|Any CPU.ActiveCfg = Debug|Any CPU
		{667A50E2-BD2F-4B95-AA09-437FBA7A1236}.Debug|Any CPU.Build.0 = Debug|Any CPU
		{667A50E2-BD2F-4B95-AA09-437FBA7A1236}.Debug|x64.ActiveCfg = Debug|Any CPU
		{667A50E2-BD2F-4B95-AA09-437FBA7A1236}.Debug|x64.Build.0 = Debug|Any CPU
		{667A50E2-BD2F-4B95-AA09-437FBA7A1236}.Debug|x86.ActiveCfg = Debug|Any CPU
		{667A50E2-BD2F-4B95-AA09-437FBA7A1236}.Debug|x86.Build.0 = Debug|Any CPU
		{667A50E2-BD2F-4B95-AA09-437FBA7A1236}.Release|Any CPU.ActiveCfg = Release|Any CPU
		{667A50E2-BD2F-4B95-AA09-437FBA7A1236}.Release|Any CPU.Build.0 = Release|Any CPU
		{667A50E2-BD2F-4B95-AA09-437FBA7A1236}.Release|x64.ActiveCfg = Release|Any CPU
		{667A50E2-BD2F-4B95-AA09-437FBA7A1236}.Release|x64.Build.0 = Release|Any CPU
		{667A50E2-BD2F-4B95-AA09-437FBA7A1236}.Release|x86.ActiveCfg = Release|Any CPU
		{667A50E2-BD2F-4B95-AA09-437FBA7A1236}.Release|x86.Build.0 = Release|Any CPU
		{936F57AF-9582-4079-BA8F-858D7CAFC93B}.Debug|Any CPU.ActiveCfg = Debug|Any CPU
		{936F57AF-9582-4079-BA8F-858D7CAFC93B}.Debug|Any CPU.Build.0 = Debug|Any CPU
		{936F57AF-9582-4079-BA8F-858D7CAFC93B}.Debug|x64.ActiveCfg = Debug|Any CPU
		{936F57AF-9582-4079-BA8F-858D7CAFC93B}.Debug|x64.Build.0 = Debug|Any CPU
		{936F57AF-9582-4079-BA8F-858D7CAFC93B}.Debug|x86.ActiveCfg = Debug|Any CPU
		{936F57AF-9582-4079-BA8F-858D7CAFC93B}.Debug|x86.Build.0 = Debug|Any CPU
		{936F57AF-9582-4079-BA8F-858D7CAFC93B}.Release|Any CPU.ActiveCfg = Release|Any CPU
		{936F57AF-9582-4079-BA8F-858D7CAFC93B}.Release|Any CPU.Build.0 = Release|Any CPU
		{936F57AF-9582-4079-BA8F-858D7CAFC93B}.Release|x64.ActiveCfg = Release|Any CPU
		{936F57AF-9582-4079-BA8F-858D7CAFC93B}.Release|x64.Build.0 = Release|Any CPU
		{936F57AF-9582-4079-BA8F-858D7CAFC93B}.Release|x86.ActiveCfg = Release|Any CPU
		{936F57AF-9582-4079-BA8F-858D7CAFC93B}.Release|x86.Build.0 = Release|Any CPU
		{6B52DC28-83F8-47BC-92DD-258FC0FF7E79}.Debug|Any CPU.ActiveCfg = Debug|Any CPU
		{6B52DC28-83F8-47BC-92DD-258FC0FF7E79}.Debug|Any CPU.Build.0 = Debug|Any CPU
		{6B52DC28-83F8-47BC-92DD-258FC0FF7E79}.Debug|x64.ActiveCfg = Debug|Any CPU
		{6B52DC28-83F8-47BC-92DD-258FC0FF7E79}.Debug|x64.Build.0 = Debug|Any CPU
		{6B52DC28-83F8-47BC-92DD-258FC0FF7E79}.Debug|x86.ActiveCfg = Debug|Any CPU
		{6B52DC28-83F8-47BC-92DD-258FC0FF7E79}.Debug|x86.Build.0 = Debug|Any CPU
		{6B52DC28-83F8-47BC-92DD-258FC0FF7E79}.Release|Any CPU.ActiveCfg = Release|Any CPU
		{6B52DC28-83F8-47BC-92DD-258FC0FF7E79}.Release|Any CPU.Build.0 = Release|Any CPU
		{6B52DC28-83F8-47BC-92DD-258FC0FF7E79}.Release|x64.ActiveCfg = Release|Any CPU
		{6B52DC28-83F8-47BC-92DD-258FC0FF7E79}.Release|x64.Build.0 = Release|Any CPU
		{6B52DC28-83F8-47BC-92DD-258FC0FF7E79}.Release|x86.ActiveCfg = Release|Any CPU
		{6B52DC28-83F8-47BC-92DD-258FC0FF7E79}.Release|x86.Build.0 = Release|Any CPU
		{9C042DDC-76E7-4325-AD9F-310AA0A77C64}.Debug|Any CPU.ActiveCfg = Debug|Any CPU
		{9C042DDC-76E7-4325-AD9F-310AA0A77C64}.Debug|Any CPU.Build.0 = Debug|Any CPU
		{9C042DDC-76E7-4325-AD9F-310AA0A77C64}.Debug|x64.ActiveCfg = Debug|Any CPU
		{9C042DDC-76E7-4325-AD9F-310AA0A77C64}.Debug|x64.Build.0 = Debug|Any CPU
		{9C042DDC-76E7-4325-AD9F-310AA0A77C64}.Debug|x86.ActiveCfg = Debug|Any CPU
		{9C042DDC-76E7-4325-AD9F-310AA0A77C64}.Debug|x86.Build.0 = Debug|Any CPU
		{9C042DDC-76E7-4325-AD9F-310AA0A77C64}.Release|Any CPU.ActiveCfg = Release|Any CPU
		{9C042DDC-76E7-4325-AD9F-310AA0A77C64}.Release|Any CPU.Build.0 = Release|Any CPU
		{9C042DDC-76E7-4325-AD9F-310AA0A77C64}.Release|x64.ActiveCfg = Release|Any CPU
		{9C042DDC-76E7-4325-AD9F-310AA0A77C64}.Release|x64.Build.0 = Release|Any CPU
		{9C042DDC-76E7-4325-AD9F-310AA0A77C64}.Release|x86.ActiveCfg = Release|Any CPU
		{9C042DDC-76E7-4325-AD9F-310AA0A77C64}.Release|x86.Build.0 = Release|Any CPU
		{2C8BA9B9-3A18-4C8E-B0D3-B411FB2D6F97}.Debug|Any CPU.ActiveCfg = Debug|Any CPU
		{2C8BA9B9-3A18-4C8E-B0D3-B411FB2D6F97}.Debug|Any CPU.Build.0 = Debug|Any CPU
		{2C8BA9B9-3A18-4C8E-B0D3-B411FB2D6F97}.Debug|x64.ActiveCfg = Debug|Any CPU
		{2C8BA9B9-3A18-4C8E-B0D3-B411FB2D6F97}.Debug|x64.Build.0 = Debug|Any CPU
		{2C8BA9B9-3A18-4C8E-B0D3-B411FB2D6F97}.Debug|x86.ActiveCfg = Debug|Any CPU
		{2C8BA9B9-3A18-4C8E-B0D3-B411FB2D6F97}.Debug|x86.Build.0 = Debug|Any CPU
		{2C8BA9B9-3A18-4C8E-B0D3-B411FB2D6F97}.Release|Any CPU.ActiveCfg = Release|Any CPU
		{2C8BA9B9-3A18-4C8E-B0D3-B411FB2D6F97}.Release|Any CPU.Build.0 = Release|Any CPU
		{2C8BA9B9-3A18-4C8E-B0D3-B411FB2D6F97}.Release|x64.ActiveCfg = Release|Any CPU
		{2C8BA9B9-3A18-4C8E-B0D3-B411FB2D6F97}.Release|x64.Build.0 = Release|Any CPU
		{2C8BA9B9-3A18-4C8E-B0D3-B411FB2D6F97}.Release|x86.ActiveCfg = Release|Any CPU
		{2C8BA9B9-3A18-4C8E-B0D3-B411FB2D6F97}.Release|x86.Build.0 = Release|Any CPU
		{A7B0D79F-57CB-46C5-A483-D3DF9FFDE83D}.Debug|Any CPU.ActiveCfg = Debug|Any CPU
		{A7B0D79F-57CB-46C5-A483-D3DF9FFDE83D}.Debug|Any CPU.Build.0 = Debug|Any CPU
		{A7B0D79F-57CB-46C5-A483-D3DF9FFDE83D}.Debug|x64.ActiveCfg = Debug|Any CPU
		{A7B0D79F-57CB-46C5-A483-D3DF9FFDE83D}.Debug|x64.Build.0 = Debug|Any CPU
		{A7B0D79F-57CB-46C5-A483-D3DF9FFDE83D}.Debug|x86.ActiveCfg = Debug|Any CPU
		{A7B0D79F-57CB-46C5-A483-D3DF9FFDE83D}.Debug|x86.Build.0 = Debug|Any CPU
		{A7B0D79F-57CB-46C5-A483-D3DF9FFDE83D}.Release|Any CPU.ActiveCfg = Release|Any CPU
		{A7B0D79F-57CB-46C5-A483-D3DF9FFDE83D}.Release|Any CPU.Build.0 = Release|Any CPU
		{A7B0D79F-57CB-46C5-A483-D3DF9FFDE83D}.Release|x64.ActiveCfg = Release|Any CPU
		{A7B0D79F-57CB-46C5-A483-D3DF9FFDE83D}.Release|x64.Build.0 = Release|Any CPU
		{A7B0D79F-57CB-46C5-A483-D3DF9FFDE83D}.Release|x86.ActiveCfg = Release|Any CPU
		{A7B0D79F-57CB-46C5-A483-D3DF9FFDE83D}.Release|x86.Build.0 = Release|Any CPU
		{E5114BBC-B77D-466D-97E3-9F30BCA947E1}.Debug|Any CPU.ActiveCfg = Debug|Any CPU
		{E5114BBC-B77D-466D-97E3-9F30BCA947E1}.Debug|Any CPU.Build.0 = Debug|Any CPU
		{E5114BBC-B77D-466D-97E3-9F30BCA947E1}.Debug|x64.ActiveCfg = Debug|Any CPU
		{E5114BBC-B77D-466D-97E3-9F30BCA947E1}.Debug|x64.Build.0 = Debug|Any CPU
		{E5114BBC-B77D-466D-97E3-9F30BCA947E1}.Debug|x86.ActiveCfg = Debug|Any CPU
		{E5114BBC-B77D-466D-97E3-9F30BCA947E1}.Debug|x86.Build.0 = Debug|Any CPU
		{E5114BBC-B77D-466D-97E3-9F30BCA947E1}.Release|Any CPU.ActiveCfg = Release|Any CPU
		{E5114BBC-B77D-466D-97E3-9F30BCA947E1}.Release|Any CPU.Build.0 = Release|Any CPU
		{E5114BBC-B77D-466D-97E3-9F30BCA947E1}.Release|x64.ActiveCfg = Release|Any CPU
		{E5114BBC-B77D-466D-97E3-9F30BCA947E1}.Release|x64.Build.0 = Release|Any CPU
		{E5114BBC-B77D-466D-97E3-9F30BCA947E1}.Release|x86.ActiveCfg = Release|Any CPU
		{E5114BBC-B77D-466D-97E3-9F30BCA947E1}.Release|x86.Build.0 = Release|Any CPU
		{140DC609-049E-4367-B454-A59A27F1E178}.Debug|Any CPU.ActiveCfg = Debug|Any CPU
		{140DC609-049E-4367-B454-A59A27F1E178}.Debug|Any CPU.Build.0 = Debug|Any CPU
		{140DC609-049E-4367-B454-A59A27F1E178}.Debug|x64.ActiveCfg = Debug|Any CPU
		{140DC609-049E-4367-B454-A59A27F1E178}.Debug|x64.Build.0 = Debug|Any CPU
		{140DC609-049E-4367-B454-A59A27F1E178}.Debug|x86.ActiveCfg = Debug|Any CPU
		{140DC609-049E-4367-B454-A59A27F1E178}.Debug|x86.Build.0 = Debug|Any CPU
		{140DC609-049E-4367-B454-A59A27F1E178}.Release|Any CPU.ActiveCfg = Release|Any CPU
		{140DC609-049E-4367-B454-A59A27F1E178}.Release|Any CPU.Build.0 = Release|Any CPU
		{140DC609-049E-4367-B454-A59A27F1E178}.Release|x64.ActiveCfg = Release|Any CPU
		{140DC609-049E-4367-B454-A59A27F1E178}.Release|x64.Build.0 = Release|Any CPU
		{140DC609-049E-4367-B454-A59A27F1E178}.Release|x86.ActiveCfg = Release|Any CPU
		{140DC609-049E-4367-B454-A59A27F1E178}.Release|x86.Build.0 = Release|Any CPU
		{D2EB287C-66A6-495D-94D5-02258F6DE428}.Debug|Any CPU.ActiveCfg = Debug|Any CPU
		{D2EB287C-66A6-495D-94D5-02258F6DE428}.Debug|Any CPU.Build.0 = Debug|Any CPU
		{D2EB287C-66A6-495D-94D5-02258F6DE428}.Debug|x64.ActiveCfg = Debug|Any CPU
		{D2EB287C-66A6-495D-94D5-02258F6DE428}.Debug|x64.Build.0 = Debug|Any CPU
		{D2EB287C-66A6-495D-94D5-02258F6DE428}.Debug|x86.ActiveCfg = Debug|Any CPU
		{D2EB287C-66A6-495D-94D5-02258F6DE428}.Debug|x86.Build.0 = Debug|Any CPU
		{D2EB287C-66A6-495D-94D5-02258F6DE428}.Release|Any CPU.ActiveCfg = Release|Any CPU
		{D2EB287C-66A6-495D-94D5-02258F6DE428}.Release|Any CPU.Build.0 = Release|Any CPU
		{D2EB287C-66A6-495D-94D5-02258F6DE428}.Release|x64.ActiveCfg = Release|Any CPU
		{D2EB287C-66A6-495D-94D5-02258F6DE428}.Release|x64.Build.0 = Release|Any CPU
		{D2EB287C-66A6-495D-94D5-02258F6DE428}.Release|x86.ActiveCfg = Release|Any CPU
		{D2EB287C-66A6-495D-94D5-02258F6DE428}.Release|x86.Build.0 = Release|Any CPU
		{CCDC748E-217E-402C-93B1-7DDEFEDC92E1}.Debug|Any CPU.ActiveCfg = Debug|Any CPU
		{CCDC748E-217E-402C-93B1-7DDEFEDC92E1}.Debug|Any CPU.Build.0 = Debug|Any CPU
		{CCDC748E-217E-402C-93B1-7DDEFEDC92E1}.Debug|x64.ActiveCfg = Debug|Any CPU
		{CCDC748E-217E-402C-93B1-7DDEFEDC92E1}.Debug|x64.Build.0 = Debug|Any CPU
		{CCDC748E-217E-402C-93B1-7DDEFEDC92E1}.Debug|x86.ActiveCfg = Debug|Any CPU
		{CCDC748E-217E-402C-93B1-7DDEFEDC92E1}.Debug|x86.Build.0 = Debug|Any CPU
		{CCDC748E-217E-402C-93B1-7DDEFEDC92E1}.Release|Any CPU.ActiveCfg = Release|Any CPU
		{CCDC748E-217E-402C-93B1-7DDEFEDC92E1}.Release|Any CPU.Build.0 = Release|Any CPU
		{CCDC748E-217E-402C-93B1-7DDEFEDC92E1}.Release|x64.ActiveCfg = Release|Any CPU
		{CCDC748E-217E-402C-93B1-7DDEFEDC92E1}.Release|x64.Build.0 = Release|Any CPU
		{CCDC748E-217E-402C-93B1-7DDEFEDC92E1}.Release|x86.ActiveCfg = Release|Any CPU
		{CCDC748E-217E-402C-93B1-7DDEFEDC92E1}.Release|x86.Build.0 = Release|Any CPU
	EndGlobalSection
	GlobalSection(SolutionProperties) = preSolution
		HideSolutionNode = FALSE
	EndGlobalSection
	GlobalSection(NestedProjects) = preSolution
		{A7424F49-087C-1326-4F66-EE9002BC8D02} = {5875E104-9E60-851C-078E-92EAD3F6EF39}
		{3DF86D47-E75F-508E-799A-BD7D7B622CC9} = {99116B1D-F007-E82B-443C-F02EDF2152BC}
		{667A50E2-BD2F-4B95-AA09-437FBA7A1236} = {3DF86D47-E75F-508E-799A-BD7D7B622CC9}
		{936F57AF-9582-4079-BA8F-858D7CAFC93B} = {3DF86D47-E75F-508E-799A-BD7D7B622CC9}
		{6B52DC28-83F8-47BC-92DD-258FC0FF7E79} = {3DF86D47-E75F-508E-799A-BD7D7B622CC9}
		{9C042DDC-76E7-4325-AD9F-310AA0A77C64} = {3DF86D47-E75F-508E-799A-BD7D7B622CC9}
		{2C8BA9B9-3A18-4C8E-B0D3-B411FB2D6F97} = {3DF86D47-E75F-508E-799A-BD7D7B622CC9}
		{A7B0D79F-57CB-46C5-A483-D3DF9FFDE83D} = {3DF86D47-E75F-508E-799A-BD7D7B622CC9}
		{E5114BBC-B77D-466D-97E3-9F30BCA947E1} = {3DF86D47-E75F-508E-799A-BD7D7B622CC9}
		{140DC609-049E-4367-B454-A59A27F1E178} = {3DF86D47-E75F-508E-799A-BD7D7B622CC9}
		{D2EB287C-66A6-495D-94D5-02258F6DE428} = {3DF86D47-E75F-508E-799A-BD7D7B622CC9}
		{CCDC748E-217E-402C-93B1-7DDEFEDC92E1} = {3DF86D47-E75F-508E-799A-BD7D7B622CC9}
	EndGlobalSection
	GlobalSection(ExtensibilityGlobals) = postSolution
		SolutionGuid = {93C356B4-09E7-4BC4-847B-7C1138436505}
	EndGlobalSection
EndGlobal
